
Microsoft Visual Studio Solution File, Format Version 11.00
# Visual Studio 2010
Project("{FAE04EC0-301F-11D3-BF4B-00C04F79EFBC}") = "ContosoUniversity", "ContosoUniversity\ContosoUniversity.csproj", "{EF4C155A-D620-47C6-9BB1-382C50E660FE}"
EndProject
Global
	GlobalSection(SolutionConfigurationPlatforms) = preSolution
		Debug|Any CPU = Debug|Any CPU
		Release|Any CPU = Release|Any CPU
	EndGlobalSection
	GlobalSection(ProjectConfigurationPlatforms) = postSolution
		{EF4C155A-D620-47C6-9BB1-382C50E660FE}.Debug|Any CPU.ActiveCfg = Debug|Any CPU
		{EF4C155A-D620-47C6-9BB1-382C50E660FE}.Debug|Any CPU.Build.0 = Debug|Any CPU
		{EF4C155A-D620-47C6-9BB1-382C50E660FE}.Release|Any CPU.ActiveCfg = Release|Any CPU
		{EF4C155A-D620-47C6-9BB1-382C50E660FE}.Release|Any CPU.Build.0 = Release|Any CPU
	EndGlobalSection
	GlobalSection(SolutionProperties) = preSolution
		HideSolutionNode = FALSE
	EndGlobalSection
EndGlobal
